
Microsoft Visual Studio Solution File, Format Version 12.00
# Visual Studio Version 16
VisualStudioVersion = 16.0.31624.102
MinimumVisualStudioVersion = 10.0.40219.1
Project("{FAE04EC0-301F-11D3-BF4B-00C04F79EFBC}") = "BookList", "BookList.csproj", "{D3A032DF-CF6B-4794-8B59-6BF87630E865}"
EndProject
Global
	GlobalSection(SolutionConfigurationPlatforms) = preSolution
		Debug|Any CPU = Debug|Any CPU
		Release|Any CPU = Release|Any CPU
	EndGlobalSection
	GlobalSection(ProjectConfigurationPlatforms) = postSolution
		{D3A032DF-CF6B-4794-8B59-6BF87630E865}.Debug|Any CPU.ActiveCfg = Debug|Any CPU
		{D3A032DF-CF6B-4794-8B59-6BF87630E865}.Debug|Any CPU.Build.0 = Debug|Any CPU
		{D3A032DF-CF6B-4794-8B59-6BF87630E865}.Release|Any CPU.ActiveCfg = Release|Any CPU
		{D3A032DF-CF6B-4794-8B59-6BF87630E865}.Release|Any CPU.Build.0 = Release|Any CPU
	EndGlobalSection
	GlobalSection(SolutionProperties) = preSolution
		HideSolutionNode = FALSE
	EndGlobalSection
	GlobalSection(ExtensibilityGlobals) = postSolution
		SolutionGuid = {B54B5A64-70F9-4A64-9404-11525C2D7229}
	EndGlobalSection
EndGlobal
